// !$*UTF8*$!
{
	archiveVersion = 1;
	classes = {
	};
	objectVersion = 46;
	objects = {

/* Begin PBXBuildFile section */
		A173F36C1E4AF3430039F3F7 /* main.m in Sources */ = {isa = PBXBuildFile; fileRef = A173F36B1E4AF3430039F3F7 /* main.m */; };
		A173F36F1E4AF3430039F3F7 /* AppDelegate.m in Sources */ = {isa = PBXBuildFile; fileRef = A173F36E1E4AF3430039F3F7 /* AppDelegate.m */; };
		A173F3721E4AF3430039F3F7 /* ViewController.m in Sources */ = {isa = PBXBuildFile; fileRef = A173F3711E4AF3430039F3F7 /* ViewController.m */; };
		A173F3751E4AF3430039F3F7 /* Main.storyboard in Resources */ = {isa = PBXBuildFile; fileRef = A173F3731E4AF3430039F3F7 /* Main.storyboard */; };
		A173F3771E4AF3440039F3F7 /* Assets.xcassets in Resources */ = {isa = PBXBuildFile; fileRef = A173F3761E4AF3440039F3F7 /* Assets.xcassets */; };
		A173F37A1E4AF3440039F3F7 /* LaunchScreen.storyboard in Resources */ = {isa = PBXBuildFile; fileRef = A173F3781E4AF3440039F3F7 /* LaunchScreen.storyboard */; };
		A173F3851E4AF3440039F3F7 /* StackBlockDemoTests.m in Sources */ = {isa = PBXBuildFile; fileRef = A173F3841E4AF3440039F3F7 /* StackBlockDemoTests.m */; };
		A173F3901E4AF3440039F3F7 /* StackBlockDemoUITests.m in Sources */ = {isa = PBXBuildFile; fileRef = A173F38F1E4AF3440039F3F7 /* StackBlockDemoUITests.m */; };
		A173F39F1E4AF4830039F3F7 /* StackBlockController.m in Sources */ = {isa = PBXBuildFile; fileRef = A173F39E1E4AF4830039F3F7 /* StackBlockController.m */; };
		A173F3A21E4AF48F0039F3F7 /* HeapBlockController.m in Sources */ = {isa = PBXBuildFile; fileRef = A173F3A11E4AF48F0039F3F7 /* HeapBlockController.m */; };
/* End PBXBuildFile section */

/* Begin PBXContainerItemProxy section */
		A173F3811E4AF3440039F3F7 /* PBXContainerItemProxy */ = {
			isa = PBXContainerItemProxy;
			containerPortal = A173F35F1E4AF3420039F3F7 /* Project object */;
			proxyType = 1;
			remoteGlobalIDString = A173F3661E4AF3430039F3F7;
			remoteInfo = StackBlockDemo;
		};
		A173F38C1E4AF3440039F3F7 /* PBXContainerItemProxy */ = {
			isa = PBXContainerItemProxy;
			containerPortal = A173F35F1E4AF3420039F3F7 /* Project object */;
			proxyType = 1;
			remoteGlobalIDString = A173F3661E4AF3430039F3F7;
			remoteInfo = StackBlockDemo;
		};
/* End PBXContainerItemProxy section */

/* Begin PBXFileReference section */
		A173F3671E4AF3430039F3F7 /* StackBlockDemo.app */ = {isa = PBXFileReference; explicitFileType = wrapper.application; includeInIndex = 0; path = StackBlockDemo.app; sourceTree = BUILT_PRODUCTS_DIR; };
		A173F36B1E4AF3430039F3F7 /* main.m */ = {isa = PBXFileReference; lastKnownFileType = sourcecode.c.objc; path = main.m; sourceTree = "<group>"; };
		A173F36D1E4AF3430039F3F7 /* AppDelegate.h */ = {isa = PBXFileReference; lastKnownFileType = sourcecode.c.h; path = AppDelegate.h; sourceTree = "<group>"; };
		A173F36E1E4AF3430039F3F7 /* AppDelegate.m */ = {isa = PBXFileReference; lastKnownFileType = sourcecode.c.objc; path = AppDelegate.m; sourceTree = "<group>"; };
		A173F3701E4AF3430039F3F7 /* ViewController.h */ = {isa = PBXFileReference; lastKnownFileType = sourcecode.c.h; path = ViewController.h; sourceTree = "<group>"; };
		A173F3711E4AF3430039F3F7 /* ViewController.m */ = {isa = PBXFileReference; lastKnownFileType = sourcecode.c.objc; path = ViewController.m; sourceTree = "<group>"; };
		A173F3741E4AF3430039F3F7 /* Base */ = {isa = PBXFileReference; lastKnownFileType = file.storyboard; name = Base; path = Base.lproj/Main.storyboard; sourceTree = "<group>"; };
		A173F3761E4AF3440039F3F7 /* Assets.xcassets */ = {isa = PBXFileReference; lastKnownFileType = folder.assetcatalog; path = Assets.xcassets; sourceTree = "<group>"; };
		A173F3791E4AF3440039F3F7 /* Base */ = {isa = PBXFileReference; lastKnownFileType = file.storyboard; name = Base; path = Base.lproj/LaunchScreen.storyboard; sourceTree = "<group>"; };
		A173F37B1E4AF3440039F3F7 /* Info.plist */ = {isa = PBXFileReference; lastKnownFileType = text.plist.xml; path = Info.plist; sourceTree = "<group>"; };
		A173F3801E4AF3440039F3F7 /* StackBlockDemoTests.xctest */ = {isa = PBXFileReference; explicitFileType = wrapper.cfbundle; includeInIndex = 0; path = StackBlockDemoTests.xctest; sourceTree = BUILT_PRODUCTS_DIR; };
		A173F3841E4AF3440039F3F7 /* StackBlockDemoTests.m */ = {isa = PBXFileReference; lastKnownFileType = sourcecode.c.objc; path = StackBlockDemoTests.m; sourceTree = "<group>"; };
		A173F3861E4AF3440039F3F7 /* Info.plist */ = {isa = PBXFileReference; lastKnownFileType = text.plist.xml; path = Info.plist; sourceTree = "<group>"; };
		A173F38B1E4AF3440039F3F7 /* StackBlockDemoUITests.xctest */ = {isa = PBXFileReference; explicitFileType = wrapper.cfbundle; includeInIndex = 0; path = StackBlockDemoUITests.xctest; sourceTree = BUILT_PRODUCTS_DIR; };
		A173F38F1E4AF3440039F3F7 /* StackBlockDemoUITests.m */ = {isa = PBXFileReference; lastKnownFileType = sourcecode.c.objc; path = StackBlockDemoUITests.m; sourceTree = "<group>"; };
		A173F3911E4AF3440039F3F7 /* Info.plist */ = {isa = PBXFileReference; lastKnownFileType = text.plist.xml; path = Info.plist; sourceTree = "<group>"; };
		A173F39D1E4AF4830039F3F7 /* StackBlockController.h */ = {isa = PBXFileReference; fileEncoding = 4; lastKnownFileType = sourcecode.c.h; path = StackBlockController.h; sourceTree = "<group>"; };
		A173F39E1E4AF4830039F3F7 /* StackBlockController.m */ = {isa = PBXFileReference; fileEncoding = 4; lastKnownFileType = sourcecode.c.objc; path = StackBlockController.m; sourceTree = "<group>"; };
		A173F3A01E4AF48F0039F3F7 /* HeapBlockController.h */ = {isa = PBXFileReference; fileEncoding = 4; lastKnownFileType = sourcecode.c.h; path = HeapBlockController.h; sourceTree = "<group>"; };
		A173F3A11E4AF48F0039F3F7 /* HeapBlockController.m */ = {isa = PBXFileReference; fileEncoding = 4; lastKnownFileType = sourcecode.c.objc; path = HeapBlockController.m; sourceTree = "<group>"; };
/* End PBXFileReference section */

/* Begin PBXFrameworksBuildPhase section */
		A173F3641E4AF3430039F3F7 /* Frameworks */ = {
			isa = PBXFrameworksBuildPhase;
			buildActionMask = 2147483647;
			files = (
			);
			runOnlyForDeploymentPostprocessing = 0;
		};
		A173F37D1E4AF3440039F3F7 /* Frameworks */ = {
			isa = PBXFrameworksBuildPhase;
			buildActionMask = 2147483647;
			files = (
			);
			runOnlyForDeploymentPostprocessing = 0;
		};
		A173F3881E4AF3440039F3F7 /* Frameworks */ = {
			isa = PBXFrameworksBuildPhase;
			buildActionMask = 2147483647;
			files = (
			);
			runOnlyForDeploymentPostprocessing = 0;
		};
/* End PBXFrameworksBuildPhase section */

/* Begin PBXGroup section */
		A173F35E1E4AF3420039F3F7 = {
			isa = PBXGroup;
			children = (
				A173F3691E4AF3430039F3F7 /* StackBlockDemo */,
				A173F3831E4AF3440039F3F7 /* StackBlockDemoTests */,
				A173F38E1E4AF3440039F3F7 /* StackBlockDemoUITests */,
				A173F3681E4AF3430039F3F7 /* Products */,
			);
			sourceTree = "<group>";
		};
		A173F3681E4AF3430039F3F7 /* Products */ = {
			isa = PBXGroup;
			children = (
				A173F3671E4AF3430039F3F7 /* StackBlockDemo.app */,
				A173F3801E4AF3440039F3F7 /* StackBlockDemoTests.xctest */,
				A173F38B1E4AF3440039F3F7 /* StackBlockDemoUITests.xctest */,
			);
			name = Products;
			sourceTree = "<group>";
		};
		A173F3691E4AF3430039F3F7 /* StackBlockDemo */ = {
			isa = PBXGroup;
			children = (
				A173F36D1E4AF3430039F3F7 /* AppDelegate.h */,
				A173F36E1E4AF3430039F3F7 /* AppDelegate.m */,
				A173F3701E4AF3430039F3F7 /* ViewController.h */,
				A173F3711E4AF3430039F3F7 /* ViewController.m */,
				A173F39D1E4AF4830039F3F7 /* StackBlockController.h */,
				A173F39E1E4AF4830039F3F7 /* StackBlockController.m */,
				A173F3A01E4AF48F0039F3F7 /* HeapBlockController.h */,
				A173F3A11E4AF48F0039F3F7 /* HeapBlockController.m */,
				A173F3731E4AF3430039F3F7 /* Main.storyboard */,
				A173F3761E4AF3440039F3F7 /* Assets.xcassets */,
				A173F3781E4AF3440039F3F7 /* LaunchScreen.storyboard */,
				A173F37B1E4AF3440039F3F7 /* Info.plist */,
				A173F36A1E4AF3430039F3F7 /* Supporting Files */,
			);
			path = StackBlockDemo;
			sourceTree = "<group>";
		};
		A173F36A1E4AF3430039F3F7 /* Supporting Files */ = {
			isa = PBXGroup;
			children = (
				A173F36B1E4AF3430039F3F7 /* main.m */,
			);
			name = "Supporting Files";
			sourceTree = "<group>";
		};
		A173F3831E4AF3440039F3F7 /* StackBlockDemoTests */ = {
			isa = PBXGroup;
			children = (
				A173F3841E4AF3440039F3F7 /* StackBlockDemoTests.m */,
				A173F3861E4AF3440039F3F7 /* Info.plist */,
			);
			path = StackBlockDemoTests;
			sourceTree = "<group>";
		};
		A173F38E1E4AF3440039F3F7 /* StackBlockDemoUITests */ = {
			isa = PBXGroup;
			children = (
				A173F38F1E4AF3440039F3F7 /* StackBlockDemoUITests.m */,
				A173F3911E4AF3440039F3F7 /* Info.plist */,
			);
			path = StackBlockDemoUITests;
			sourceTree = "<group>";
		};
/* End PBXGroup section */

/* Begin PBXNativeTarget section */
		A173F3661E4AF3430039F3F7 /* StackBlockDemo */ = {
			isa = PBXNativeTarget;
			buildConfigurationList = A173F3941E4AF3440039F3F7 /* Build configuration list for PBXNativeTarget "StackBlockDemo" */;
			buildPhases = (
				A173F3631E4AF3430039F3F7 /* Sources */,
				A173F3641E4AF3430039F3F7 /* Frameworks */,
				A173F3651E4AF3430039F3F7 /* Resources */,
			);
			buildRules = (
			);
			dependencies = (
			);
			name = StackBlockDemo;
			productName = StackBlockDemo;
			productReference = A173F3671E4AF3430039F3F7 /* StackBlockDemo.app */;
			productType = "com.apple.product-type.application";
		};
		A173F37F1E4AF3440039F3F7 /* StackBlockDemoTests */ = {
			isa = PBXNativeTarget;
			buildConfigurationList = A173F3971E4AF3440039F3F7 /* Build configuration list for PBXNativeTarget "StackBlockDemoTests" */;
			buildPhases = (
				A173F37C1E4AF3440039F3F7 /* Sources */,
				A173F37D1E4AF3440039F3F7 /* Frameworks */,
				A173F37E1E4AF3440039F3F7 /* Resources */,
			);
			buildRules = (
			);
			dependencies = (
				A173F3821E4AF3440039F3F7 /* PBXTargetDependency */,
			);
			name = StackBlockDemoTests;
			productName = StackBlockDemoTests;
			productReference = A173F3801E4AF3440039F3F7 /* StackBlockDemoTests.xctest */;
			productType = "com.apple.product-type.bundle.unit-test";
		};
		A173F38A1E4AF3440039F3F7 /* StackBlockDemoUITests */ = {
			isa = PBXNativeTarget;
			buildConfigurationList = A173F39A1E4AF3440039F3F7 /* Build configuration list for PBXNativeTarget "StackBlockDemoUITests" */;
			buildPhases = (
				A173F3871E4AF3440039F3F7 /* Sources */,
				A173F3881E4AF3440039F3F7 /* Frameworks */,
				A173F3891E4AF3440039F3F7 /* Resources */,
			);
			buildRules = (
			);
			dependencies = (
				A173F38D1E4AF3440039F3F7 /* PBXTargetDependency */,
			);
			name = StackBlockDemoUITests;
			productName = StackBlockDemoUITests;
			productReference = A173F38B1E4AF3440039F3F7 /* StackBlockDemoUITests.xctest */;
			productType = "com.apple.product-type.bundle.ui-testing";
		};
/* End PBXNativeTarget section */

/* Begin PBXProject section */
		A173F35F1E4AF3420039F3F7 /* Project object */ = {
			isa = PBXProject;
			attributes = {
				LastUpgradeCheck = 0820;
				ORGANIZATIONNAME = xiaolin;
				TargetAttributes = {
					A173F3661E4AF3430039F3F7 = {
						CreatedOnToolsVersion = 8.2.1;
						ProvisioningStyle = Automatic;
					};
					A173F37F1E4AF3440039F3F7 = {
						CreatedOnToolsVersion = 8.2.1;
						ProvisioningStyle = Automatic;
						TestTargetID = A173F3661E4AF3430039F3F7;
					};
					A173F38A1E4AF3440039F3F7 = {
						CreatedOnToolsVersion = 8.2.1;
						ProvisioningStyle = Automatic;
						TestTargetID = A173F3661E4AF3430039F3F7;
					};
				};
			};
			buildConfigurationList = A173F3621E4AF3420039F3F7 /* Build configuration list for PBXProject "StackBlockDemo" */;
			compatibilityVersion = "Xcode 3.2";
			developmentRegion = English;
			hasScannedForEncodings = 0;
			knownRegions = (
				en,
				Base,
			);
			mainGroup = A173F35E1E4AF3420039F3F7;
			productRefGroup = A173F3681E4AF3430039F3F7 /* Products */;
			projectDirPath = "";
			projectRoot = "";
			targets = (
				A173F3661E4AF3430039F3F7 /* StackBlockDemo */,
				A173F37F1E4AF3440039F3F7 /* StackBlockDemoTests */,
				A173F38A1E4AF3440039F3F7 /* StackBlockDemoUITests */,
			);
		};
/* End PBXProject section */

/* Begin PBXResourcesBuildPhase section */
		A173F3651E4AF3430039F3F7 /* Resources */ = {
			isa = PBXResourcesBuildPhase;
			buildActionMask = 2147483647;
			files = (
				A173F37A1E4AF3440039F3F7 /* LaunchScreen.storyboard in Resources */,
				A173F3771E4AF3440039F3F7 /* Assets.xcassets in Resources */,
				A173F3751E4AF3430039F3F7 /* Main.storyboard in Resources */,
			);
			runOnlyForDeploymentPostprocessing = 0;
		};
		A173F37E1E4AF3440039F3F7 /* Resources */ = {
			isa = PBXResourcesBuildPhase;
			buildActionMask = 2147483647;
			files = (
			);
			runOnlyForDeploymentPostprocessing = 0;
		};
		A173F3891E4AF3440039F3F7 /* Resources */ = {
			isa = PBXResourcesBuildPhase;
			buildActionMask = 2147483647;
			files = (
			);
			runOnlyForDeploymentPostprocessing = 0;
		};
/* End PBXResourcesBuildPhase section */

/* Begin PBXSourcesBuildPhase section */
		A173F3631E4AF3430039F3F7 /* Sources */ = {
			isa = PBXSourcesBuildPhase;
			buildActionMask = 2147483647;
			files = (
				A173F3A21E4AF48F0039F3F7 /* HeapBlockController.m in Sources */,
				A173F3721E4AF3430039F3F7 /* ViewController.m in Sources */,
				A173F36F1E4AF3430039F3F7 /* AppDelegate.m in Sources */,
				A173F39F1E4AF4830039F3F7 /* StackBlockController.m in Sources */,
				A173F36C1E4AF3430039F3F7 /* main.m in Sources */,
			);
			runOnlyForDeploymentPostprocessing = 0;
		};
		A173F37C1E4AF3440039F3F7 /* Sources */ = {
			isa = PBXSourcesBuildPhase;
			buildActionMask = 2147483647;
			files = (
				A173F3851E4AF3440039F3F7 /* StackBlockDemoTests.m in Sources */,
			);
			runOnlyForDeploymentPostprocessing = 0;
		};
		A173F3871E4AF3440039F3F7 /* Sources */ = {
			isa = PBXSourcesBuildPhase;
			buildActionMask = 2147483647;
			files = (
				A173F3901E4AF3440039F3F7 /* StackBlockDemoUITests.m in Sources */,
			);
			runOnlyForDeploymentPostprocessing = 0;
		};
/* End PBXSourcesBuildPhase section */

/* Begin PBXTargetDependency section */
		A173F3821E4AF3440039F3F7 /* PBXTargetDependency */ = {
			isa = PBXTargetDependency;
			target = A173F3661E4AF3430039F3F7 /* StackBlockDemo */;
			targetProxy = A173F3811E4AF3440039F3F7 /* PBXContainerItemProxy */;
		};
		A173F38D1E4AF3440039F3F7 /* PBXTargetDependency */ = {
			isa = PBXTargetDependency;
			target = A173F3661E4AF3430039F3F7 /* StackBlockDemo */;
			targetProxy = A173F38C1E4AF3440039F3F7 /* PBXContainerItemProxy */;
		};
/* End PBXTargetDependency section */

/* Begin PBXVariantGroup section */
		A173F3731E4AF3430039F3F7 /* Main.storyboard */ = {
			isa = PBXVariantGroup;
			children = (
				A173F3741E4AF3430039F3F7 /* Base */,
			);
			name = Main.storyboard;
			sourceTree = "<group>";
		};
		A173F3781E4AF3440039F3F7 /* LaunchScreen.storyboard */ = {
			isa = PBXVariantGroup;
			children = (
				A173F3791E4AF3440039F3F7 /* Base */,
			);
			name = LaunchScreen.storyboard;
			sourceTree = "<group>";
		};
/* End PBXVariantGroup section */

/* Begin XCBuildConfiguration section */
		A173F3921E4AF3440039F3F7 /* Debug */ = {
			isa = XCBuildConfiguration;
			buildSettings = {
				ALWAYS_SEARCH_USER_PATHS = NO;
				CLANG_ANALYZER_NONNULL = YES;
				CLANG_CXX_LANGUAGE_STANDARD = "gnu++0x";
				CLANG_CXX_LIBRARY = "libc++";
				CLANG_ENABLE_MODULES = YES;
				CLANG_ENABLE_OBJC_ARC = YES;
				CLANG_WARN_BOOL_CONVERSION = YES;
				CLANG_WARN_CONSTANT_CONVERSION = YES;
				CLANG_WARN_DIRECT_OBJC_ISA_USAGE = YES_ERROR;
				CLANG_WARN_DOCUMENTATION_COMMENTS = YES;
				CLANG_WARN_EMPTY_BODY = YES;
				CLANG_WARN_ENUM_CONVERSION = YES;
				CLANG_WARN_INFINITE_RECURSION = YES;
				CLANG_WARN_INT_CONVERSION = YES;
				CLANG_WARN_OBJC_ROOT_CLASS = YES_ERROR;
				CLANG_WARN_SUSPICIOUS_MOVE = YES;
				CLANG_WARN_UNREACHABLE_CODE = YES;
				CLANG_WARN__DUPLICATE_METHOD_MATCH = YES;
				"CODE_SIGN_IDENTITY[sdk=iphoneos*]" = "iPhone Developer";
				COPY_PHASE_STRIP = NO;
				DEBUG_INFORMATION_FORMAT = dwarf;
				ENABLE_STRICT_OBJC_MSGSEND = YES;
				ENABLE_TESTABILITY = YES;
				GCC_C_LANGUAGE_STANDARD = gnu99;
				GCC_DYNAMIC_NO_PIC = NO;
				GCC_NO_COMMON_BLOCKS = YES;
				GCC_OPTIMIZATION_LEVEL = 0;
				GCC_PREPROCESSOR_DEFINITIONS = (
					"DEBUG=1",
					"$(inherited)",
				);
				GCC_WARN_64_TO_32_BIT_CONVERSION = YES;
				GCC_WARN_ABOUT_RETURN_TYPE = YES_ERROR;
				GCC_WARN_UNDECLARED_SELECTOR = YES;
				GCC_WARN_UNINITIALIZED_AUTOS = YES_AGGRESSIVE;
				GCC_WARN_UNUSED_FUNCTION = YES;
				GCC_WARN_UNUSED_VARIABLE = YES;
				IPHONEOS_DEPLOYMENT_TARGET = 10.2;
				MTL_ENABLE_DEBUG_INFO = YES;
				ONLY_ACTIVE_ARCH = YES;
				SDKROOT = iphoneos;
			};
			name = Debug;
		};
		A173F3931E4AF3440039F3F7 /* Release */ = {
			isa = XCBuildConfiguration;
			buildSettings = {
				ALWAYS_SEARCH_USER_PATHS = NO;
				CLANG_ANALYZER_NONNULL = YES;
				CLANG_CXX_LANGUAGE_STANDARD = "gnu++0x";
				CLANG_CXX_LIBRARY = "libc++";
				CLANG_ENABLE_MODULES = YES;
				CLANG_ENABLE_OBJC_ARC = YES;
				CLANG_WARN_BOOL_CONVERSION = YES;
				CLANG_WARN_CONSTANT_CONVERSION = YES;
				CLANG_WARN_DIRECT_OBJC_ISA_USAGE = YES_ERROR;
				CLANG_WARN_DOCUMENTATION_COMMENTS = YES;
				CLANG_WARN_EMPTY_BODY = YES;
				CLANG_WARN_ENUM_CONVERSION = YES;
				CLANG_WARN_INFINITE_RECURSION = YES;
				CLANG_WARN_INT_CONVERSION = YES;
				CLANG_WARN_OBJC_ROOT_CLASS = YES_ERROR;
				CLANG_WARN_SUSPICIOUS_MOVE = YES;
				CLANG_WARN_UNREACHABLE_CODE = YES;
				CLANG_WARN__DUPLICATE_METHOD_MATCH = YES;
				"CODE_SIGN_IDENTITY[sdk=iphoneos*]" = "iPhone Developer";
				COPY_PHASE_STRIP = NO;
				DEBUG_INFORMATION_FORMAT = "dwarf-with-dsym";
				ENABLE_NS_ASSERTIONS = NO;
				ENABLE_STRICT_OBJC_MSGSEND = YES;
				GCC_C_LANGUAGE_STANDARD = gnu99;
				GCC_NO_COMMON_BLOCKS = YES;
				GCC_WARN_64_TO_32_BIT_CONVERSION = YES;
				GCC_WARN_ABOUT_RETURN_TYPE = YES_ERROR;
				GCC_WARN_UNDECLARED_SELECTOR = YES;
				GCC_WARN_UNINITIALIZED_AUTOS = YES_AGGRESSIVE;
				GCC_WARN_UNUSED_FUNCTION = YES;
				GCC_WARN_UNUSED_VARIABLE = YES;
				IPHONEOS_DEPLOYMENT_TARGET = 10.2;
				MTL_ENABLE_DEBUG_INFO = NO;
				SDKROOT = iphoneos;
				VALIDATE_PRODUCT = YES;
			};
			name = Release;
		};
		A173F3951E4AF3440039F3F7 /* Debug */ = {
			isa = XCBuildConfiguration;
			buildSettings = {
				ASSETCATALOG_COMPILER_APPICON_NAME = AppIcon;
				INFOPLIST_FILE = StackBlockDemo/Info.plist;
				LD_RUNPATH_SEARCH_PATHS = "$(inherited) @executable_path/Frameworks";
				PRODUCT_BUNDLE_IDENTIFIER = xiaolin.StackBlockDemo;
				PRODUCT_NAME = "$(TARGET_NAME)";
			};
			name = Debug;
		};
		A173F3961E4AF3440039F3F7 /* Release */ = {
			isa = XCBuildConfiguration;
			buildSettings = {
				ASSETCATALOG_COMPILER_APPICON_NAME = AppIcon;
				INFOPLIST_FILE = StackBlockDemo/Info.plist;
				LD_RUNPATH_SEARCH_PATHS = "$(inherited) @executable_path/Frameworks";
				PRODUCT_BUNDLE_IDENTIFIER = xiaolin.StackBlockDemo;
				PRODUCT_NAME = "$(TARGET_NAME)";
			};
			name = Release;
		};
		A173F3981E4AF3440039F3F7 /* Debug */ = {
			isa = XCBuildConfiguration;
			buildSettings = {
				BUNDLE_LOADER = "$(TEST_HOST)";
				INFOPLIST_FILE = StackBlockDemoTests/Info.plist;
				LD_RUNPATH_SEARCH_PATHS = "$(inherited) @executable_path/Frameworks @loader_path/Frameworks";
				PRODUCT_BUNDLE_IDENTIFIER = xiaolin.StackBlockDemoTests;
				PRODUCT_NAME = "$(TARGET_NAME)";
				TEST_HOST = "$(BUILT_PRODUCTS_DIR)/StackBlockDemo.app/StackBlockDemo";
			};
			name = Debug;
		};
		A173F3991E4AF3440039F3F7 /* Release */ = {
			isa = XCBuildConfiguration;
			buildSettings = {
				BUNDLE_LOADER = "$(TEST_HOST)";
				INFOPLIST_FILE = StackBlockDemoTests/Info.plist;
				LD_RUNPATH_SEARCH_PATHS = "$(inherited) @executable_path/Frameworks @loader_path/Frameworks";
				PRODUCT_BUNDLE_IDENTIFIER = xiaolin.StackBlockDemoTests;
				PRODUCT_NAME = "$(TARGET_NAME)";
				TEST_HOST = "$(BUILT_PRODUCTS_DIR)/StackBlockDemo.app/StackBlockDemo";
			};
			name = Release;
		};
		A173F39B1E4AF3440039F3F7 /* Debug */ = {
			isa = XCBuildConfiguration;
			buildSettings = {
				INFOPLIST_FILE = StackBlockDemoUITests/Info.plist;
				LD_RUNPATH_SEARCH_PATHS = "$(inherited) @executable_path/Frameworks @loader_path/Frameworks";
				PRODUCT_BUNDLE_IDENTIFIER = xiaolin.StackBlockDemoUITests;
				PRODUCT_NAME = "$(TARGET_NAME)";
				TEST_TARGET_NAME = StackBlockDemo;
			};
			name = Debug;
		};
		A173F39C1E4AF3440039F3F7 /* Release */ = {
			isa = XCBuildConfiguration;
			buildSettings = {
				INFOPLIST_FILE = StackBlockDemoUITests/Info.plist;
				LD_RUNPATH_SEARCH_PATHS = "$(inherited) @executable_path/Frameworks @loader_path/Frameworks";
				PRODUCT_BUNDLE_IDENTIFIER = xiaolin.StackBlockDemoUITests;
				PRODUCT_NAME = "$(TARGET_NAME)";
				TEST_TARGET_NAME = StackBlockDemo;
			};
			name = Release;
		};
/* End XCBuildConfiguration section */

/* Begin XCConfigurationList section */
		A173F3621E4AF3420039F3F7 /* Build configuration list for PBXProject "StackBlockDemo" */ = {
			isa = XCConfigurationList;
			buildConfigurations = (
				A173F3921E4AF3440039F3F7 /* Debug */,
				A173F3931E4AF3440039F3F7 /* Release */,
			);
			defaultConfigurationIsVisible = 0;
			defaultConfigurationName = Release;
		};
		A173F3941E4AF3440039F3F7 /* Build configuration list for PBXNativeTarget "StackBlockDemo" */ = {
			isa = XCConfigurationList;
			buildConfigurations = (
				A173F3951E4AF3440039F3F7 /* Debug */,
				A173F3961E4AF3440039F3F7 /* Release */,
			);
			defaultConfigurationIsVisible = 0;
		};
		A173F3971E4AF3440039F3F7 /* Build configuration list for PBXNativeTarget "StackBlockDemoTests" */ = {
			isa = XCConfigurationList;
			buildConfigurations = (
				A173F3981E4AF3440039F3F7 /* Debug */,
				A173F3991E4AF3440039F3F7 /* Release */,
			);
			defaultConfigurationIsVisible = 0;
		};
		A173F39A1E4AF3440039F3F7 /* Build configuration list for PBXNativeTarget "StackBlockDemoUITests" */ = {
			isa = XCConfigurationList;
			buildConfigurations = (
				A173F39B1E4AF3440039F3F7 /* Debug */,
				A173F39C1E4AF3440039F3F7 /* Release */,
			);
			defaultConfigurationIsVisible = 0;
		};
/* End XCConfigurationList section */
	};
	rootObject = A173F35F1E4AF3420039F3F7 /* Project object */;
}
